// !$*UTF8*$!
{
	archiveVersion = 1;
	classes = {
	};
	objectVersion = 56;
	objects = {

/* Begin PBXBuildFile section */
		5CCA85452D841CCF00DE9BC4 /* AppDelegate.swift in Sources */ = {isa = PBXBuildFile; fileRef = 5CCA85442D841CCF00DE9BC4 /* AppDelegate.swift */; };
		5CCA85472D841CCF00DE9BC4 /* SceneDelegate.swift in Sources */ = {isa = PBXBuildFile; fileRef = 5CCA85462D841CCF00DE9BC4 /* SceneDelegate.swift */; };
		5CCA85492D841CCF00DE9BC4 /* WeatherViewController.swift in Sources */ = {isa = PBXBuildFile; fileRef = 5CCA85482D841CCF00DE9BC4 /* WeatherViewController.swift */; };
		5CCA854C2D841CCF00DE9BC4 /* Base in Resources */ = {isa = PBXBuildFile; fileRef = 5CCA854B2D841CCF00DE9BC4 /* Base */; };
		5CCA854E2D841CD100DE9BC4 /* Assets.xcassets in Resources */ = {isa = PBXBuildFile; fileRef = 5CCA854D2D841CD100DE9BC4 /* Assets.xcassets */; };
		5CCA85512D841CD100DE9BC4 /* Base in Resources */ = {isa = PBXBuildFile; fileRef = 5CCA85502D841CD100DE9BC4 /* Base */; };
		5CCA855A2D841E2500DE9BC4 /* WeatherService.swift in Sources */ = {isa = PBXBuildFile; fileRef = 5CCA85592D841E2500DE9BC4 /* WeatherService.swift */; };
		5CCA855D2D841E5300DE9BC4 /* Model.swift in Sources */ = {isa = PBXBuildFile; fileRef = 5CCA855C2D841E5300DE9BC4 /* Model.swift */; };
		5CCA85602D841E7A00DE9BC4 /* WeatherViewModel.swift in Sources */ = {isa = PBXBuildFile; fileRef = 5CCA855F2D841E7A00DE9BC4 /* WeatherViewModel.swift */; };
		5CCA85632D841EC800DE9BC4 /* LocationManager.swift in Sources */ = {isa = PBXBuildFile; fileRef = 5CCA85622D841EC800DE9BC4 /* LocationManager.swift */; };
		5CCA85652D84203900DE9BC4 /* ForecastCell.swift in Sources */ = {isa = PBXBuildFile; fileRef = 5CCA85642D84203900DE9BC4 /* ForecastCell.swift */; };
		5CCA85672D8421FC00DE9BC4 /* HourlyCell.swift in Sources */ = {isa = PBXBuildFile; fileRef = 5CCA85662D8421FC00DE9BC4 /* HourlyCell.swift */; };
		5CCA85692D84225000DE9BC4 /* DailyForecastCell.swift in Sources */ = {isa = PBXBuildFile; fileRef = 5CCA85682D84225000DE9BC4 /* DailyForecastCell.swift */; };
/* End PBXBuildFile section */

/* Begin PBXFileReference section */
		5CCA85412D841CCF00DE9BC4 /* Weather.app */ = {isa = PBXFileReference; explicitFileType = wrapper.application; includeInIndex = 0; path = Weather.app; sourceTree = BUILT_PRODUCTS_DIR; };
		5CCA85442D841CCF00DE9BC4 /* AppDelegate.swift */ = {isa = PBXFileReference; lastKnownFileType = sourcecode.swift; path = AppDelegate.swift; sourceTree = "<group>"; };
		5CCA85462D841CCF00DE9BC4 /* SceneDelegate.swift */ = {isa = PBXFileReference; lastKnownFileType = sourcecode.swift; path = SceneDelegate.swift; sourceTree = "<group>"; };
		5CCA85482D841CCF00DE9BC4 /* WeatherViewController.swift */ = {isa = PBXFileReference; lastKnownFileType = sourcecode.swift; path = WeatherViewController.swift; sourceTree = "<group>"; };
		5CCA854B2D841CCF00DE9BC4 /* Base */ = {isa = PBXFileReference; lastKnownFileType = file.storyboard; name = Base; path = Base.lproj/Main.storyboard; sourceTree = "<group>"; };
		5CCA854D2D841CD100DE9BC4 /* Assets.xcassets */ = {isa = PBXFileReference; lastKnownFileType = folder.assetcatalog; path = Assets.xcassets; sourceTree = "<group>"; };
		5CCA85502D841CD100DE9BC4 /* Base */ = {isa = PBXFileReference; lastKnownFileType = file.storyboard; name = Base; path = Base.lproj/LaunchScreen.storyboard; sourceTree = "<group>"; };
		5CCA85522D841CD100DE9BC4 /* Info.plist */ = {isa = PBXFileReference; lastKnownFileType = text.plist.xml; path = Info.plist; sourceTree = "<group>"; };
		5CCA85592D841E2500DE9BC4 /* WeatherService.swift */ = {isa = PBXFileReference; lastKnownFileType = sourcecode.swift; path = WeatherService.swift; sourceTree = "<group>"; };
		5CCA855C2D841E5300DE9BC4 /* Model.swift */ = {isa = PBXFileReference; lastKnownFileType = sourcecode.swift; path = Model.swift; sourceTree = "<group>"; };
		5CCA855F2D841E7A00DE9BC4 /* WeatherViewModel.swift */ = {isa = PBXFileReference; lastKnownFileType = sourcecode.swift; path = WeatherViewModel.swift; sourceTree = "<group>"; };
		5CCA85622D841EC800DE9BC4 /* LocationManager.swift */ = {isa = PBXFileReference; lastKnownFileType = sourcecode.swift; path = LocationManager.swift; sourceTree = "<group>"; };
		5CCA85642D84203900DE9BC4 /* ForecastCell.swift */ = {isa = PBXFileReference; lastKnownFileType = sourcecode.swift; path = ForecastCell.swift; sourceTree = "<group>"; };
		5CCA85662D8421FC00DE9BC4 /* HourlyCell.swift */ = {isa = PBXFileReference; lastKnownFileType = sourcecode.swift; path = HourlyCell.swift; sourceTree = "<group>"; };
		5CCA85682D84225000DE9BC4 /* DailyForecastCell.swift */ = {isa = PBXFileReference; lastKnownFileType = sourcecode.swift; path = DailyForecastCell.swift; sourceTree = "<group>"; };
/* End PBXFileReference section */

/* Begin PBXFrameworksBuildPhase section */
		5CCA853E2D841CCF00DE9BC4 /* Frameworks */ = {
			isa = PBXFrameworksBuildPhase;
			buildActionMask = 2147483647;
			files = (
			);
			runOnlyForDeploymentPostprocessing = 0;
		};
/* End PBXFrameworksBuildPhase section */

/* Begin PBXGroup section */
		5CCA85382D841CCF00DE9BC4 = {
			isa = PBXGroup;
			children = (
				5CCA85432D841CCF00DE9BC4 /* Weather */,
				5CCA85422D841CCF00DE9BC4 /* Products */,
			);
			sourceTree = "<group>";
		};
		5CCA85422D841CCF00DE9BC4 /* Products */ = {
			isa = PBXGroup;
			children = (
				5CCA85412D841CCF00DE9BC4 /* Weather.app */,
			);
			name = Products;
			sourceTree = "<group>";
		};
		5CCA85432D841CCF00DE9BC4 /* Weather */ = {
			isa = PBXGroup;
			children = (
				5CCA85442D841CCF00DE9BC4 /* AppDelegate.swift */,
				5CCA85462D841CCF00DE9BC4 /* SceneDelegate.swift */,
				5CCA856D2D857FB700DE9BC4 /* Service */,
				5CCA85612D841EA300DE9BC4 /* Views */,
				5CCA855E2D841E6E00DE9BC4 /* ViewModels */,
				5CCA855B2D841E4100DE9BC4 /* Models */,
				5CCA85582D841E0D00DE9BC4 /* Service */,
				5CCA854A2D841CCF00DE9BC4 /* Main.storyboard */,
				5CCA854D2D841CD100DE9BC4 /* Assets.xcassets */,
				5CCA854F2D841CD100DE9BC4 /* LaunchScreen.storyboard */,
				5CCA85522D841CD100DE9BC4 /* Info.plist */,
			);
			path = Weather;
			sourceTree = "<group>";
		};
		5CCA85582D841E0D00DE9BC4 /* Service */ = {
			isa = PBXGroup;
			children = (
				5CCA85592D841E2500DE9BC4 /* WeatherService.swift */,
			);
			path = Service;
			sourceTree = "<group>";
		};
		5CCA855B2D841E4100DE9BC4 /* Models */ = {
			isa = PBXGroup;
			children = (
				5CCA855C2D841E5300DE9BC4 /* Model.swift */,
			);
			path = Models;
			sourceTree = "<group>";
		};
		5CCA855E2D841E6E00DE9BC4 /* ViewModels */ = {
			isa = PBXGroup;
			children = (
				5CCA855F2D841E7A00DE9BC4 /* WeatherViewModel.swift */,
			);
			path = ViewModels;
			sourceTree = "<group>";
		};
		5CCA85612D841EA300DE9BC4 /* Views */ = {
			isa = PBXGroup;
			children = (
				5CCA85482D841CCF00DE9BC4 /* WeatherViewController.swift */,
				5CCA85642D84203900DE9BC4 /* ForecastCell.swift */,
				5CCA85662D8421FC00DE9BC4 /* HourlyCell.swift */,
				5CCA85682D84225000DE9BC4 /* DailyForecastCell.swift */,
			);
			path = Views;
			sourceTree = "<group>";
		};
		5CCA856D2D857FB700DE9BC4 /* Service */ = {
			isa = PBXGroup;
			children = (
				5CCA85622D841EC800DE9BC4 /* LocationManager.swift */,
			);
			name = Service;
			path = "New Group/Service";
			sourceTree = "<group>";
		};
/* End PBXGroup section */

/* Begin PBXNativeTarget section */
		5CCA85402D841CCF00DE9BC4 /* Weather */ = {
			isa = PBXNativeTarget;
			buildConfigurationList = 5CCA85552D841CD100DE9BC4 /* Build configuration list for PBXNativeTarget "Weather" */;
			buildPhases = (
				5CCA853D2D841CCF00DE9BC4 /* Sources */,
				5CCA853E2D841CCF00DE9BC4 /* Frameworks */,
				5CCA853F2D841CCF00DE9BC4 /* Resources */,
			);
			buildRules = (
			);
			dependencies = (
			);
			name = Weather;
			productName = Weather;
			productReference = 5CCA85412D841CCF00DE9BC4 /* Weather.app */;
			productType = "com.apple.product-type.application";
		};
/* End PBXNativeTarget section */

/* Begin PBXProject section */
		5CCA85392D841CCF00DE9BC4 /* Project object */ = {
			isa = PBXProject;
			attributes = {
				BuildIndependentTargetsInParallel = 1;
				LastSwiftUpdateCheck = 1540;
				LastUpgradeCheck = 1540;
				TargetAttributes = {
					5CCA85402D841CCF00DE9BC4 = {
						CreatedOnToolsVersion = 15.4;
					};
				};
			};
			buildConfigurationList = 5CCA853C2D841CCF00DE9BC4 /* Build configuration list for PBXProject "Weather" */;
			compatibilityVersion = "Xcode 14.0";
			developmentRegion = en;
			hasScannedForEncodings = 0;
			knownRegions = (
				en,
				Base,
			);
			mainGroup = 5CCA85382D841CCF00DE9BC4;
			productRefGroup = 5CCA85422D841CCF00DE9BC4 /* Products */;
			projectDirPath = "";
			projectRoot = "";
			targets = (
				5CCA85402D841CCF00DE9BC4 /* Weather */,
			);
		};
/* End PBXProject section */

/* Begin PBXResourcesBuildPhase section */
		5CCA853F2D841CCF00DE9BC4 /* Resources */ = {
			isa = PBXResourcesBuildPhase;
			buildActionMask = 2147483647;
			files = (
				5CCA854E2D841CD100DE9BC4 /* Assets.xcassets in Resources */,
				5CCA85512D841CD100DE9BC4 /* Base in Resources */,
				5CCA854C2D841CCF00DE9BC4 /* Base in Resources */,
			);
			runOnlyForDeploymentPostprocessing = 0;
		};
/* End PBXResourcesBuildPhase section */

/* Begin PBXSourcesBuildPhase section */
		5CCA853D2D841CCF00DE9BC4 /* Sources */ = {
			isa = PBXSourcesBuildPhase;
			buildActionMask = 2147483647;
			files = (
				5CCA85692D84225000DE9BC4 /* DailyForecastCell.swift in Sources */,
				5CCA855D2D841E5300DE9BC4 /* Model.swift in Sources */,
				5CCA855A2D841E2500DE9BC4 /* WeatherService.swift in Sources */,
				5CCA85492D841CCF00DE9BC4 /* WeatherViewController.swift in Sources */,
				5CCA85632D841EC800DE9BC4 /* LocationManager.swift in Sources */,
				5CCA85652D84203900DE9BC4 /* ForecastCell.swift in Sources */,
				5CCA85452D841CCF00DE9BC4 /* AppDelegate.swift in Sources */,
				5CCA85672D8421FC00DE9BC4 /* HourlyCell.swift in Sources */,
				5CCA85602D841E7A00DE9BC4 /* WeatherViewModel.swift in Sources */,
				5CCA85472D841CCF00DE9BC4 /* SceneDelegate.swift in Sources */,
			);
			runOnlyForDeploymentPostprocessing = 0;
		};
/* End PBXSourcesBuildPhase section */

/* Begin PBXVariantGroup section */
		5CCA854A2D841CCF00DE9BC4 /* Main.storyboard */ = {
			isa = PBXVariantGroup;
			children = (
				5CCA854B2D841CCF00DE9BC4 /* Base */,
			);
			name = Main.storyboard;
			sourceTree = "<group>";
		};
		5CCA854F2D841CD100DE9BC4 /* LaunchScreen.storyboard */ = {
			isa = PBXVariantGroup;
			children = (
				5CCA85502D841CD100DE9BC4 /* Base */,
			);
			name = LaunchScreen.storyboard;
			sourceTree = "<group>";
		};
/* End PBXVariantGroup section */

/* Begin XCBuildConfiguration section */
		5CCA85532D841CD100DE9BC4 /* Debug */ = {
			isa = XCBuildConfiguration;
			buildSettings = {
				ALWAYS_SEARCH_USER_PATHS = NO;
				ASSETCATALOG_COMPILER_GENERATE_SWIFT_ASSET_SYMBOL_EXTENSIONS = YES;
				CLANG_ANALYZER_NONNULL = YES;
				CLANG_ANALYZER_NUMBER_OBJECT_CONVERSION = YES_AGGRESSIVE;
				CLANG_CXX_LANGUAGE_STANDARD = "gnu++20";
				CLANG_ENABLE_MODULES = YES;
				CLANG_ENABLE_OBJC_ARC = YES;
				CLANG_ENABLE_OBJC_WEAK = YES;
				CLANG_WARN_BLOCK_CAPTURE_AUTORELEASING = YES;
				CLANG_WARN_BOOL_CONVERSION = YES;
				CLANG_WARN_COMMA = YES;
				CLANG_WARN_CONSTANT_CONVERSION = YES;
				CLANG_WARN_DEPRECATED_OBJC_IMPLEMENTATIONS = YES;
				CLANG_WARN_DIRECT_OBJC_ISA_USAGE = YES_ERROR;
				CLANG_WARN_DOCUMENTATION_COMMENTS = YES;
				CLANG_WARN_EMPTY_BODY = YES;
				CLANG_WARN_ENUM_CONVERSION = YES;
				CLANG_WARN_INFINITE_RECURSION = YES;
				CLANG_WARN_INT_CONVERSION = YES;
				CLANG_WARN_NON_LITERAL_NULL_CONVERSION = YES;
				CLANG_WARN_OBJC_IMPLICIT_RETAIN_SELF = YES;
				CLANG_WARN_OBJC_LITERAL_CONVERSION = YES;
				CLANG_WARN_OBJC_ROOT_CLASS = YES_ERROR;
				CLANG_WARN_QUOTED_INCLUDE_IN_FRAMEWORK_HEADER = YES;
				CLANG_WARN_RANGE_LOOP_ANALYSIS = YES;
				CLANG_WARN_STRICT_PROTOTYPES = YES;
				CLANG_WARN_SUSPICIOUS_MOVE = YES;
				CLANG_WARN_UNGUARDED_AVAILABILITY = YES_AGGRESSIVE;
				CLANG_WARN_UNREACHABLE_CODE = YES;
				CLANG_WARN__DUPLICATE_METHOD_MATCH = YES;
				COPY_PHASE_STRIP = NO;
				DEBUG_INFORMATION_FORMAT = dwarf;
				ENABLE_STRICT_OBJC_MSGSEND = YES;
				ENABLE_TESTABILITY = YES;
				ENABLE_USER_SCRIPT_SANDBOXING = YES;
				GCC_C_LANGUAGE_STANDARD = gnu17;
				GCC_DYNAMIC_NO_PIC = NO;
				GCC_NO_COMMON_BLOCKS = YES;
				GCC_OPTIMIZATION_LEVEL = 0;
				GCC_PREPROCESSOR_DEFINITIONS = (
					"DEBUG=1",
					"$(inherited)",
				);
				GCC_WARN_64_TO_32_BIT_CONVERSION = YES;
				GCC_WARN_ABOUT_RETURN_TYPE = YES_ERROR;
				GCC_WARN_UNDECLARED_SELECTOR = YES;
				GCC_WARN_UNINITIALIZED_AUTOS = YES_AGGRESSIVE;
				GCC_WARN_UNUSED_FUNCTION = YES;
				GCC_WARN_UNUSED_VARIABLE = YES;
				IPHONEOS_DEPLOYMENT_TARGET = 17.5;
				LOCALIZATION_PREFERS_STRING_CATALOGS = YES;
				MTL_ENABLE_DEBUG_INFO = INCLUDE_SOURCE;
				MTL_FAST_MATH = YES;
				ONLY_ACTIVE_ARCH = YES;
				SDKROOT = iphoneos;
				SWIFT_ACTIVE_COMPILATION_CONDITIONS = "DEBUG $(inherited)";
				SWIFT_OPTIMIZATION_LEVEL = "-Onone";
			};
			name = Debug;
		};
		5CCA85542D841CD100DE9BC4 /* Release */ = {
			isa = XCBuildConfiguration;
			buildSettings = {
				ALWAYS_SEARCH_USER_PATHS = NO;
				ASSETCATALOG_COMPILER_GENERATE_SWIFT_ASSET_SYMBOL_EXTENSIONS = YES;
				CLANG_ANALYZER_NONNULL = YES;
				CLANG_ANALYZER_NUMBER_OBJECT_CONVERSION = YES_AGGRESSIVE;
				CLANG_CXX_LANGUAGE_STANDARD = "gnu++20";
				CLANG_ENABLE_MODULES = YES;
				CLANG_ENABLE_OBJC_ARC = YES;
				CLANG_ENABLE_OBJC_WEAK = YES;
				CLANG_WARN_BLOCK_CAPTURE_AUTORELEASING = YES;
				CLANG_WARN_BOOL_CONVERSION = YES;
				CLANG_WARN_COMMA = YES;
				CLANG_WARN_CONSTANT_CONVERSION = YES;
				CLANG_WARN_DEPRECATED_OBJC_IMPLEMENTATIONS = YES;
				CLANG_WARN_DIRECT_OBJC_ISA_USAGE = YES_ERROR;
				CLANG_WARN_DOCUMENTATION_COMMENTS = YES;
				CLANG_WARN_EMPTY_BODY = YES;
				CLANG_WARN_ENUM_CONVERSION = YES;
				CLANG_WARN_INFINITE_RECURSION = YES;
				CLANG_WARN_INT_CONVERSION = YES;
				CLANG_WARN_NON_LITERAL_NULL_CONVERSION = YES;
				CLANG_WARN_OBJC_IMPLICIT_RETAIN_SELF = YES;
				CLANG_WARN_OBJC_LITERAL_CONVERSION = YES;
				CLANG_WARN_OBJC_ROOT_CLASS = YES_ERROR;
				CLANG_WARN_QUOTED_INCLUDE_IN_FRAMEWORK_HEADER = YES;
				CLANG_WARN_RANGE_LOOP_ANALYSIS = YES;
				CLANG_WARN_STRICT_PROTOTYPES = YES;
				CLANG_WARN_SUSPICIOUS_MOVE = YES;
				CLANG_WARN_UNGUARDED_AVAILABILITY = YES_AGGRESSIVE;
				CLANG_WARN_UNREACHABLE_CODE = YES;
				CLANG_WARN__DUPLICATE_METHOD_MATCH = YES;
				COPY_PHASE_STRIP = NO;
				DEBUG_INFORMATION_FORMAT = "dwarf-with-dsym";
				ENABLE_NS_ASSERTIONS = NO;
				ENABLE_STRICT_OBJC_MSGSEND = YES;
				ENABLE_USER_SCRIPT_SANDBOXING = YES;
				GCC_C_LANGUAGE_STANDARD = gnu17;
				GCC_NO_COMMON_BLOCKS = YES;
				GCC_WARN_64_TO_32_BIT_CONVERSION = YES;
				GCC_WARN_ABOUT_RETURN_TYPE = YES_ERROR;
				GCC_WARN_UNDECLARED_SELECTOR = YES;
				GCC_WARN_UNINITIALIZED_AUTOS = YES_AGGRESSIVE;
				GCC_WARN_UNUSED_FUNCTION = YES;
				GCC_WARN_UNUSED_VARIABLE = YES;
				IPHONEOS_DEPLOYMENT_TARGET = 17.5;
				LOCALIZATION_PREFERS_STRING_CATALOGS = YES;
				MTL_ENABLE_DEBUG_INFO = NO;
				MTL_FAST_MATH = YES;
				SDKROOT = iphoneos;
				SWIFT_COMPILATION_MODE = wholemodule;
				VALIDATE_PRODUCT = YES;
			};
			name = Release;
		};
		5CCA85562D841CD100DE9BC4 /* Debug */ = {
			isa = XCBuildConfiguration;
			buildSettings = {
				ASSETCATALOG_COMPILER_APPICON_NAME = AppIcon;
				ASSETCATALOG_COMPILER_GLOBAL_ACCENT_COLOR_NAME = AccentColor;
				CODE_SIGN_STYLE = Automatic;
				CURRENT_PROJECT_VERSION = 1;
				DEVELOPMENT_TEAM = M2MF9LH58A;
				GENERATE_INFOPLIST_FILE = YES;
				INFOPLIST_FILE = Weather/Info.plist;
				INFOPLIST_KEY_UIApplicationSupportsIndirectInputEvents = YES;
				INFOPLIST_KEY_UILaunchStoryboardName = LaunchScreen;
				INFOPLIST_KEY_UIMainStoryboardFile = Main;
				INFOPLIST_KEY_UISupportedInterfaceOrientations_iPad = "UIInterfaceOrientationPortrait UIInterfaceOrientationPortraitUpsideDown UIInterfaceOrientationLandscapeLeft UIInterfaceOrientationLandscapeRight";
				INFOPLIST_KEY_UISupportedInterfaceOrientations_iPhone = "UIInterfaceOrientationPortrait UIInterfaceOrientationLandscapeLeft UIInterfaceOrientationLandscapeRight";
				LD_RUNPATH_SEARCH_PATHS = (
					"$(inherited)",
					"@executable_path/Frameworks",
				);
				MARKETING_VERSION = 1.0;
				PRODUCT_BUNDLE_IDENTIFIER = com.Lydia.Weather;
				PRODUCT_NAME = "$(TARGET_NAME)";
				SWIFT_EMIT_LOC_STRINGS = YES;
				SWIFT_VERSION = 5.0;
				TARGETED_DEVICE_FAMILY = "1,2";
			};
			name = Debug;
		};
		5CCA85572D841CD100DE9BC4 /* Release */ = {
			isa = XCBuildConfiguration;
			buildSettings = {
				ASSETCATALOG_COMPILER_APPICON_NAME = AppIcon;
				ASSETCATALOG_COMPILER_GLOBAL_ACCENT_COLOR_NAME = AccentColor;
				CODE_SIGN_STYLE = Automatic;
				CURRENT_PROJECT_VERSION = 1;
				DEVELOPMENT_TEAM = M2MF9LH58A;
				GENERATE_INFOPLIST_FILE = YES;
				INFOPLIST_FILE = Weather/Info.plist;
				INFOPLIST_KEY_UIApplicationSupportsIndirectInputEvents = YES;
				INFOPLIST_KEY_UILaunchStoryboardName = LaunchScreen;
				INFOPLIST_KEY_UIMainStoryboardFile = Main;
				INFOPLIST_KEY_UISupportedInterfaceOrientations_iPad = "UIInterfaceOrientationPortrait UIInterfaceOrientationPortraitUpsideDown UIInterfaceOrientationLandscapeLeft UIInterfaceOrientationLandscapeRight";
				INFOPLIST_KEY_UISupportedInterfaceOrientations_iPhone = "UIInterfaceOrientationPortrait UIInterfaceOrientationLandscapeLeft UIInterfaceOrientationLandscapeRight";
				LD_RUNPATH_SEARCH_PATHS = (
					"$(inherited)",
					"@executable_path/Frameworks",
				);
				MARKETING_VERSION = 1.0;
				PRODUCT_BUNDLE_IDENTIFIER = com.Lydia.Weather;
				PRODUCT_NAME = "$(TARGET_NAME)";
				SWIFT_EMIT_LOC_STRINGS = YES;
				SWIFT_VERSION = 5.0;
				TARGETED_DEVICE_FAMILY = "1,2";
			};
			name = Release;
		};
/* End XCBuildConfiguration section */

/* Begin XCConfigurationList section */
		5CCA853C2D841CCF00DE9BC4 /* Build configuration list for PBXProject "Weather" */ = {
			isa = XCConfigurationList;
			buildConfigurations = (
				5CCA85532D841CD100DE9BC4 /* Debug */,
				5CCA85542D841CD100DE9BC4 /* Release */,
			);
			defaultConfigurationIsVisible = 0;
			defaultConfigurationName = Release;
		};
		5CCA85552D841CD100DE9BC4 /* Build configuration list for PBXNativeTarget "Weather" */ = {
			isa = XCConfigurationList;
			buildConfigurations = (
				5CCA85562D841CD100DE9BC4 /* Debug */,
				5CCA85572D841CD100DE9BC4 /* Release */,
			);
			defaultConfigurationIsVisible = 0;
			defaultConfigurationName = Release;
		};
/* End XCConfigurationList section */
	};
	rootObject = 5CCA85392D841CCF00DE9BC4 /* Project object */;
}
